
Microsoft Visual Studio Solution File, Format Version 12.00
# Visual Studio Version 17
VisualStudioVersion = 17.7.34031.279
MinimumVisualStudioVersion = 10.0.40219.1
Project("{FAE04EC0-301F-11D3-BF4B-00C04F79EFBC}") = "Estacionamiento", "Estacionamiento.csproj", "{165F1AAE-BE9B-4A35-8200-BFDF3F811583}"
EndProject
Global
	GlobalSection(SolutionConfigurationPlatforms) = preSolution
		Debug|Any CPU = Debug|Any CPU
		Release|Any CPU = Release|Any CPU
	EndGlobalSection
	GlobalSection(ProjectConfigurationPlatforms) = postSolution
		{165F1AAE-BE9B-4A35-8200-BFDF3F811583}.Debug|Any CPU.ActiveCfg = Debug|Any CPU
		{165F1AAE-BE9B-4A35-8200-BFDF3F811583}.Debug|Any CPU.Build.0 = Debug|Any CPU
		{165F1AAE-BE9B-4A35-8200-BFDF3F811583}.Release|Any CPU.ActiveCfg = Release|Any CPU
		{165F1AAE-BE9B-4A35-8200-BFDF3F811583}.Release|Any CPU.Build.0 = Release|Any CPU
	EndGlobalSection
	GlobalSection(SolutionProperties) = preSolution
		HideSolutionNode = FALSE
	EndGlobalSection
	GlobalSection(ExtensibilityGlobals) = postSolution
		SolutionGuid = {AA4AE49A-F173-4282-8824-C9C9D130A75A}
	EndGlobalSection
EndGlobal
